
Microsoft Visual Studio Solution File, Format Version 12.00
# Visual Studio 2012
Project("{FAE04EC0-301F-11D3-BF4B-00C04F79EFBC}") = "ShockCast", "ShockCast\ShockCast.csproj", "{39616F98-0763-4C70-87D8-CA5171C4CDB6}"
EndProject
Project("{2150E333-8FDC-42A3-9474-1A3956D46DE8}") = "Solution Items", "Solution Items", "{8CBED674-136B-4872-A805-E57BD62EF345}"
	ProjectSection(SolutionItems) = preProject
		Changelog.txt = Changelog.txt
		License.txt = License.txt
		README.md = README.md
	EndProjectSection
EndProject
Global
	GlobalSection(SolutionConfigurationPlatforms) = preSolution
		Debug|Any CPU = Debug|Any CPU
		Release|Any CPU = Release|Any CPU
	EndGlobalSection
	GlobalSection(ProjectConfigurationPlatforms) = postSolution
		{39616F98-0763-4C70-87D8-CA5171C4CDB6}.Debug|Any CPU.ActiveCfg = Debug|Any CPU
		{39616F98-0763-4C70-87D8-CA5171C4CDB6}.Debug|Any CPU.Build.0 = Debug|Any CPU
		{39616F98-0763-4C70-87D8-CA5171C4CDB6}.Release|Any CPU.ActiveCfg = Release|Any CPU
		{39616F98-0763-4C70-87D8-CA5171C4CDB6}.Release|Any CPU.Build.0 = Release|Any CPU
	EndGlobalSection
	GlobalSection(SolutionProperties) = preSolution
		HideSolutionNode = FALSE
	EndGlobalSection
EndGlobal
