
Microsoft Visual Studio Solution File, Format Version 12.00
# Visual Studio 2013
VisualStudioVersion = 12.0.21005.1
MinimumVisualStudioVersion = 10.0.40219.1
Project("{FAE04EC0-301F-11D3-BF4B-00C04F79EFBC}") = "ShockCast", "ShockCast\ShockCast.csproj", "{39616F98-0763-4C70-87D8-CA5171C4CDB6}"
EndProject
Project("{2150E333-8FDC-42A3-9474-1A3956D46DE8}") = "Solution Items", "Solution Items", "{8CBED674-136B-4872-A805-E57BD62EF345}"
	ProjectSection(SolutionItems) = preProject
		.gitattributes = .gitattributes
		.gitignore = .gitignore
		Changelog.txt = Changelog.txt
		License.txt = License.txt
		README.md = README.md
	EndProjectSection
EndProject
Project("{8BC9CEB8-8B4A-11D0-8D11-00A0C91BC942}") = "portaudio", "portaudio\build\msvc\portaudio.vcxproj", "{0A18A071-125E-442F-AFF7-A3F68ABECF99}"
EndProject
Project("{FAE04EC0-301F-11D3-BF4B-00C04F79EFBC}") = "PortAudioSharp", "PortAudioSharp\PortAudioSharp.csproj", "{8199A26E-C92E-4F6A-9EEE-95F7AFC58847}"
	ProjectSection(ProjectDependencies) = postProject
		{0A18A071-125E-442F-AFF7-A3F68ABECF99} = {0A18A071-125E-442F-AFF7-A3F68ABECF99}
	EndProjectSection
EndProject
Global
	GlobalSection(SolutionConfigurationPlatforms) = preSolution
		Debug|Any CPU = Debug|Any CPU
		Debug|Mixed Platforms = Debug|Mixed Platforms
		Debug|Win32 = Debug|Win32
		Debug|x64 = Debug|x64
		Release|Any CPU = Release|Any CPU
		Release|Mixed Platforms = Release|Mixed Platforms
		Release|Win32 = Release|Win32
		Release|x64 = Release|x64
		ReleaseMinDependency|Any CPU = ReleaseMinDependency|Any CPU
		ReleaseMinDependency|Mixed Platforms = ReleaseMinDependency|Mixed Platforms
		ReleaseMinDependency|Win32 = ReleaseMinDependency|Win32
		ReleaseMinDependency|x64 = ReleaseMinDependency|x64
	EndGlobalSection
	GlobalSection(ProjectConfigurationPlatforms) = postSolution
		{39616F98-0763-4C70-87D8-CA5171C4CDB6}.Debug|Any CPU.ActiveCfg = Debug|Any CPU
		{39616F98-0763-4C70-87D8-CA5171C4CDB6}.Debug|Any CPU.Build.0 = Debug|Any CPU
		{39616F98-0763-4C70-87D8-CA5171C4CDB6}.Debug|Mixed Platforms.ActiveCfg = Debug|Any CPU
		{39616F98-0763-4C70-87D8-CA5171C4CDB6}.Debug|Mixed Platforms.Build.0 = Debug|Any CPU
		{39616F98-0763-4C70-87D8-CA5171C4CDB6}.Debug|Win32.ActiveCfg = Debug|Any CPU
		{39616F98-0763-4C70-87D8-CA5171C4CDB6}.Debug|x64.ActiveCfg = Debug|Any CPU
		{39616F98-0763-4C70-87D8-CA5171C4CDB6}.Release|Any CPU.ActiveCfg = Release|Any CPU
		{39616F98-0763-4C70-87D8-CA5171C4CDB6}.Release|Any CPU.Build.0 = Release|Any CPU
		{39616F98-0763-4C70-87D8-CA5171C4CDB6}.Release|Mixed Platforms.ActiveCfg = Release|Any CPU
		{39616F98-0763-4C70-87D8-CA5171C4CDB6}.Release|Mixed Platforms.Build.0 = Release|Any CPU
		{39616F98-0763-4C70-87D8-CA5171C4CDB6}.Release|Win32.ActiveCfg = Release|Any CPU
		{39616F98-0763-4C70-87D8-CA5171C4CDB6}.Release|x64.ActiveCfg = Release|Any CPU
		{39616F98-0763-4C70-87D8-CA5171C4CDB6}.ReleaseMinDependency|Any CPU.ActiveCfg = Release|Any CPU
		{39616F98-0763-4C70-87D8-CA5171C4CDB6}.ReleaseMinDependency|Any CPU.Build.0 = Release|Any CPU
		{39616F98-0763-4C70-87D8-CA5171C4CDB6}.ReleaseMinDependency|Mixed Platforms.ActiveCfg = Release|Any CPU
		{39616F98-0763-4C70-87D8-CA5171C4CDB6}.ReleaseMinDependency|Mixed Platforms.Build.0 = Release|Any CPU
		{39616F98-0763-4C70-87D8-CA5171C4CDB6}.ReleaseMinDependency|Win32.ActiveCfg = Release|Any CPU
		{39616F98-0763-4C70-87D8-CA5171C4CDB6}.ReleaseMinDependency|x64.ActiveCfg = Release|Any CPU
		{0A18A071-125E-442F-AFF7-A3F68ABECF99}.Debug|Any CPU.ActiveCfg = Debug|Win32
		{0A18A071-125E-442F-AFF7-A3F68ABECF99}.Debug|Mixed Platforms.ActiveCfg = Debug|x64
		{0A18A071-125E-442F-AFF7-A3F68ABECF99}.Debug|Mixed Platforms.Build.0 = Debug|x64
		{0A18A071-125E-442F-AFF7-A3F68ABECF99}.Debug|Win32.ActiveCfg = Debug|Win32
		{0A18A071-125E-442F-AFF7-A3F68ABECF99}.Debug|Win32.Build.0 = Debug|Win32
		{0A18A071-125E-442F-AFF7-A3F68ABECF99}.Debug|x64.ActiveCfg = Debug|x64
		{0A18A071-125E-442F-AFF7-A3F68ABECF99}.Debug|x64.Build.0 = Debug|x64
		{0A18A071-125E-442F-AFF7-A3F68ABECF99}.Release|Any CPU.ActiveCfg = Release|Win32
		{0A18A071-125E-442F-AFF7-A3F68ABECF99}.Release|Mixed Platforms.ActiveCfg = Release|Win32
		{0A18A071-125E-442F-AFF7-A3F68ABECF99}.Release|Mixed Platforms.Build.0 = Release|Win32
		{0A18A071-125E-442F-AFF7-A3F68ABECF99}.Release|Win32.ActiveCfg = Release|Win32
		{0A18A071-125E-442F-AFF7-A3F68ABECF99}.Release|Win32.Build.0 = Release|Win32
		{0A18A071-125E-442F-AFF7-A3F68ABECF99}.Release|x64.ActiveCfg = Release|x64
		{0A18A071-125E-442F-AFF7-A3F68ABECF99}.Release|x64.Build.0 = Release|x64
		{0A18A071-125E-442F-AFF7-A3F68ABECF99}.ReleaseMinDependency|Any CPU.ActiveCfg = ReleaseMinDependency|Win32
		{0A18A071-125E-442F-AFF7-A3F68ABECF99}.ReleaseMinDependency|Mixed Platforms.ActiveCfg = ReleaseMinDependency|Win32
		{0A18A071-125E-442F-AFF7-A3F68ABECF99}.ReleaseMinDependency|Mixed Platforms.Build.0 = ReleaseMinDependency|Win32
		{0A18A071-125E-442F-AFF7-A3F68ABECF99}.ReleaseMinDependency|Win32.ActiveCfg = ReleaseMinDependency|Win32
		{0A18A071-125E-442F-AFF7-A3F68ABECF99}.ReleaseMinDependency|Win32.Build.0 = ReleaseMinDependency|Win32
		{0A18A071-125E-442F-AFF7-A3F68ABECF99}.ReleaseMinDependency|x64.ActiveCfg = ReleaseMinDependency|x64
		{0A18A071-125E-442F-AFF7-A3F68ABECF99}.ReleaseMinDependency|x64.Build.0 = ReleaseMinDependency|x64
		{8199A26E-C92E-4F6A-9EEE-95F7AFC58847}.Debug|Any CPU.ActiveCfg = Debug|Any CPU
		{8199A26E-C92E-4F6A-9EEE-95F7AFC58847}.Debug|Any CPU.Build.0 = Debug|Any CPU
		{8199A26E-C92E-4F6A-9EEE-95F7AFC58847}.Debug|Mixed Platforms.ActiveCfg = Debug|Any CPU
		{8199A26E-C92E-4F6A-9EEE-95F7AFC58847}.Debug|Mixed Platforms.Build.0 = Debug|Any CPU
		{8199A26E-C92E-4F6A-9EEE-95F7AFC58847}.Debug|Win32.ActiveCfg = Debug|Any CPU
		{8199A26E-C92E-4F6A-9EEE-95F7AFC58847}.Debug|x64.ActiveCfg = Debug|Any CPU
		{8199A26E-C92E-4F6A-9EEE-95F7AFC58847}.Release|Any CPU.ActiveCfg = Release|Any CPU
		{8199A26E-C92E-4F6A-9EEE-95F7AFC58847}.Release|Any CPU.Build.0 = Release|Any CPU
		{8199A26E-C92E-4F6A-9EEE-95F7AFC58847}.Release|Mixed Platforms.ActiveCfg = Release|Any CPU
		{8199A26E-C92E-4F6A-9EEE-95F7AFC58847}.Release|Mixed Platforms.Build.0 = Release|Any CPU
		{8199A26E-C92E-4F6A-9EEE-95F7AFC58847}.Release|Win32.ActiveCfg = Release|Any CPU
		{8199A26E-C92E-4F6A-9EEE-95F7AFC58847}.Release|x64.ActiveCfg = Release|Any CPU
		{8199A26E-C92E-4F6A-9EEE-95F7AFC58847}.ReleaseMinDependency|Any CPU.ActiveCfg = Release|Any CPU
		{8199A26E-C92E-4F6A-9EEE-95F7AFC58847}.ReleaseMinDependency|Any CPU.Build.0 = Release|Any CPU
		{8199A26E-C92E-4F6A-9EEE-95F7AFC58847}.ReleaseMinDependency|Mixed Platforms.ActiveCfg = Release|Any CPU
		{8199A26E-C92E-4F6A-9EEE-95F7AFC58847}.ReleaseMinDependency|Mixed Platforms.Build.0 = Release|Any CPU
		{8199A26E-C92E-4F6A-9EEE-95F7AFC58847}.ReleaseMinDependency|Win32.ActiveCfg = Release|Any CPU
		{8199A26E-C92E-4F6A-9EEE-95F7AFC58847}.ReleaseMinDependency|x64.ActiveCfg = Release|Any CPU
	EndGlobalSection
	GlobalSection(SolutionProperties) = preSolution
		HideSolutionNode = FALSE
	EndGlobalSection
EndGlobal
